{
  "name": "etl",
  "lockfileVersion": 3,
  "requires": true,
  "packages": {
    "": {
      "dependencies": {
        "@chunkd/source-memory": "^11.0.2",
        "@cotar/builder": "^6.0.1"
      }
    },
    "node_modules/@chunkd/source": {
      "version": "11.1.0",
      "resolved": "https://registry.npmjs.org/@chunkd/source/-/source-11.1.0.tgz",
      "integrity": "sha512-3BcrHK4XDm3t4vDx1OisgcOZ05+EarEqwaGVIL7IMHUmkXwN/Aprlnr7aVP3BYcltgcCcfMd1pXQicbSrP563g==",
      "license": "MIT",
      "engines": {
        "node": ">=16.0.0"
      }
    },
    "node_modules/@chunkd/source-memory": {
      "version": "11.0.2",
      "resolved": "https://registry.npmjs.org/@chunkd/source-memory/-/source-memory-11.0.2.tgz",
      "integrity": "sha512-K2yJTvLv+Z49YKGz43Gb2Q1/6ARtnUUh9EgVgqKZS/Ce9ND9IXkgmfyrYShY2/d9iJ4B7Nq1LZIJubDBhoYtww==",
      "license": "MIT",
      "dependencies": {
        "@chunkd/source": "^11.1.0"
      },
      "engines": {
        "node": ">=16.0.0"
      }
    },
    "node_modules/@cotar/builder": {
      "version": "6.0.1",
      "resolved": "https://registry.npmjs.org/@cotar/builder/-/builder-6.0.1.tgz",
      "integrity": "sha512-GXUV5jg0IKy8KeeUzbCX8AZebOqH5ILYkXH9jcFH1fdPl/Cw2XpdbT2O84RKnwf4MC1NBntI8S8lUOcQYZn8eA==",
      "license": "MIT",
      "dependencies": {
        "@cotar/core": "^6.0.1",
        "@sindresorhus/fnv1a": "^3.0.0",
        "binparse": "^2.0.1"
      },
      "engines": {
        "node": "^12.20.0 || ^14.13.1 || >=16.0.0"
      }
    },
    "node_modules/@cotar/core": {
      "version": "6.0.1",
      "resolved": "https://registry.npmjs.org/@cotar/core/-/core-6.0.1.tgz",
      "integrity": "sha512-919Q/76ypcLdsRWBsZEl3Lwsg2Wm1Zlr8XqbEaTps47QY8zMDsTwL3J/aVvb8DVgbBVONveEDOxj/04NsKrEqg==",
      "license": "MIT",
      "dependencies": {
        "@chunkd/source": "^11.0.0",
        "@sindresorhus/fnv1a": "^3.0.0"
      },
      "engines": {
        "node": "^12.20.0 || ^14.13.1 || >=16.0.0"
      }
    },
    "node_modules/@sindresorhus/fnv1a": {
      "version": "3.1.0",
      "resolved": "https://registry.npmjs.org/@sindresorhus/fnv1a/-/fnv1a-3.1.0.tgz",
      "integrity": "sha512-KV321z5m/0nuAg83W1dPLy85HpHDk7Sdi4fJbwvacWsEhAh+rZUW4ZfGcXmUIvjZg4ss2bcwNlRhJ7GBEUG08w==",
      "license": "MIT",
      "engines": {
        "node": "^12.20.0 || ^14.13.1 || >=16.0.0"
      },
      "funding": {
        "url": "https://github.com/sponsors/sindresorhus"
      }
    },
    "node_modules/binparse": {
      "version": "2.1.0",
      "resolved": "https://registry.npmjs.org/binparse/-/binparse-2.1.0.tgz",
      "integrity": "sha512-aHbVgEQnWpPc4nlK7ZdPedEXFoufVwRCJkp2oZ4nHnSCuwt1Fx/jVPNLOaq3120uNmk3dip5RH/jxI76OA22dw==",
      "license": "MIT",
      "engines": {
        "node": "^12.20.0 || ^14.13.1 || >=16.0.0"
      }
    }
  }
}
